
Microsoft Visual Studio Solution File, Format Version 12.00
# Visual Studio Version 17
VisualStudioVersion = 17.9.34723.18
MinimumVisualStudioVersion = 10.0.40219.1
Project("{9A19103F-16F7-4668-BE54-9A1E7A4F7556}") = "FaturaPdfCatolica", "FaturaPdfCatolica\FaturaPdfCatolica.csproj", "{565315FF-0E36-423D-8FB4-4956E2193527}"
EndProject
Project("{9A19103F-16F7-4668-BE54-9A1E7A4F7556}") = "Application", "Application\Application.csproj", "{B90FD3F6-D758-4848-9B25-35425C6DBB42}"
EndProject
Project("{9A19103F-16F7-4668-BE54-9A1E7A4F7556}") = "Application.Tests", "Application.Tests\Application.Tests.csproj", "{8550596E-E929-451C-98B4-0D7AE0563D93}"
	ProjectSection(ProjectDependencies) = postProject
		{B90FD3F6-D758-4848-9B25-35425C6DBB42} = {B90FD3F6-D758-4848-9B25-35425C6DBB42}
	EndProjectSection
EndProject
Global
	GlobalSection(SolutionConfigurationPlatforms) = preSolution
		Debug|Any CPU = Debug|Any CPU
		Release|Any CPU = Release|Any CPU
	EndGlobalSection
	GlobalSection(ProjectConfigurationPlatforms) = postSolution
		{565315FF-0E36-423D-8FB4-4956E2193527}.Debug|Any CPU.ActiveCfg = Debug|Any CPU
		{565315FF-0E36-423D-8FB4-4956E2193527}.Debug|Any CPU.Build.0 = Debug|Any CPU
		{565315FF-0E36-423D-8FB4-4956E2193527}.Release|Any CPU.ActiveCfg = Release|Any CPU
		{565315FF-0E36-423D-8FB4-4956E2193527}.Release|Any CPU.Build.0 = Release|Any CPU
		{B90FD3F6-D758-4848-9B25-35425C6DBB42}.Debug|Any CPU.ActiveCfg = Debug|Any CPU
		{B90FD3F6-D758-4848-9B25-35425C6DBB42}.Debug|Any CPU.Build.0 = Debug|Any CPU
		{B90FD3F6-D758-4848-9B25-35425C6DBB42}.Release|Any CPU.ActiveCfg = Release|Any CPU
		{B90FD3F6-D758-4848-9B25-35425C6DBB42}.Release|Any CPU.Build.0 = Release|Any CPU
		{8550596E-E929-451C-98B4-0D7AE0563D93}.Debug|Any CPU.ActiveCfg = Debug|Any CPU
		{8550596E-E929-451C-98B4-0D7AE0563D93}.Debug|Any CPU.Build.0 = Debug|Any CPU
		{8550596E-E929-451C-98B4-0D7AE0563D93}.Release|Any CPU.ActiveCfg = Release|Any CPU
		{8550596E-E929-451C-98B4-0D7AE0563D93}.Release|Any CPU.Build.0 = Release|Any CPU
	EndGlobalSection
	GlobalSection(SolutionProperties) = preSolution
		HideSolutionNode = FALSE
	EndGlobalSection
	GlobalSection(ExtensibilityGlobals) = postSolution
		SolutionGuid = {24E18202-EF9F-4A1C-B946-27EDC8655E06}
	EndGlobalSection
EndGlobal
